
Microsoft Visual Studio Solution File, Format Version 12.00
# Visual Studio 15
VisualStudioVersion = 15.0.28307.1022
MinimumVisualStudioVersion = 10.0.40219.1
Project("{FAE04EC0-301F-11D3-BF4B-00C04F79EFBC}") = "Gestione", "Gestione\Gestione.csproj", "{8807D693-BFAF-464E-AAD7-AF4710187B86}"
EndProject
Global
	GlobalSection(SolutionConfigurationPlatforms) = preSolution
		Debug|Any CPU = Debug|Any CPU
		Debug|x86 = Debug|x86
		Release|Any CPU = Release|Any CPU
		Release|x86 = Release|x86
	EndGlobalSection
	GlobalSection(ProjectConfigurationPlatforms) = postSolution
		{8807D693-BFAF-464E-AAD7-AF4710187B86}.Debug|Any CPU.ActiveCfg = Debug|Any CPU
		{8807D693-BFAF-464E-AAD7-AF4710187B86}.Debug|Any CPU.Build.0 = Debug|Any CPU
		{8807D693-BFAF-464E-AAD7-AF4710187B86}.Debug|x86.ActiveCfg = Release|x86
		{8807D693-BFAF-464E-AAD7-AF4710187B86}.Debug|x86.Build.0 = Release|x86
		{8807D693-BFAF-464E-AAD7-AF4710187B86}.Release|Any CPU.ActiveCfg = Release|Any CPU
		{8807D693-BFAF-464E-AAD7-AF4710187B86}.Release|Any CPU.Build.0 = Release|Any CPU
		{8807D693-BFAF-464E-AAD7-AF4710187B86}.Release|x86.ActiveCfg = Release|x86
		{8807D693-BFAF-464E-AAD7-AF4710187B86}.Release|x86.Build.0 = Release|x86
	EndGlobalSection
	GlobalSection(SolutionProperties) = preSolution
		HideSolutionNode = FALSE
	EndGlobalSection
	GlobalSection(ExtensibilityGlobals) = postSolution
		SolutionGuid = {820E6E42-82E1-48EA-B082-838324F0F4AF}
	EndGlobalSection
EndGlobal
